
Microsoft Visual Studio Solution File, Format Version 12.00
# Visual Studio 2013
Project("{FAE04EC0-301F-11D3-BF4B-00C04F79EFBC}") = "BlockingGame.CSharp.Plugins", "BlockingGame.CSharp.Plugins.csproj", "{B546B3FB-C1C6-1698-2BC9-62FE4E0020E3}"
EndProject
Project("{FAE04EC0-301F-11D3-BF4B-00C04F79EFBC}") = "BlockingGame.CSharp", "BlockingGame.CSharp.csproj", "{53EF0302-FB0D-A390-6A74-209E38F68245}"
EndProject
Project("{FAE04EC0-301F-11D3-BF4B-00C04F79EFBC}") = "BlockingGame.CSharp.Editor.Plugins", "BlockingGame.CSharp.Editor.Plugins.csproj", "{0B2AB544-5B06-874F-2271-4E006D43CC4A}"
EndProject
Project("{FAE04EC0-301F-11D3-BF4B-00C04F79EFBC}") = "BlockingGame.CSharp.Editor", "BlockingGame.CSharp.Editor.csproj", "{A6CE53D9-2A9D-F725-C52D-720E1A41AEAB}"
EndProject
Global
	GlobalSection(SolutionConfigurationPlatforms) = preSolution
		Debug|Any CPU = Debug|Any CPU
		Release|Any CPU = Release|Any CPU
	EndGlobalSection
	GlobalSection(ProjectConfigurationPlatforms) = postSolution
		{B546B3FB-C1C6-1698-2BC9-62FE4E0020E3}.Debug|Any CPU.ActiveCfg = Debug|Any CPU
		{B546B3FB-C1C6-1698-2BC9-62FE4E0020E3}.Debug|Any CPU.Build.0 = Debug|Any CPU
		{B546B3FB-C1C6-1698-2BC9-62FE4E0020E3}.Release|Any CPU.ActiveCfg = Release|Any CPU
		{B546B3FB-C1C6-1698-2BC9-62FE4E0020E3}.Release|Any CPU.Build.0 = Release|Any CPU
		{53EF0302-FB0D-A390-6A74-209E38F68245}.Debug|Any CPU.ActiveCfg = Debug|Any CPU
		{53EF0302-FB0D-A390-6A74-209E38F68245}.Debug|Any CPU.Build.0 = Debug|Any CPU
		{53EF0302-FB0D-A390-6A74-209E38F68245}.Release|Any CPU.ActiveCfg = Release|Any CPU
		{53EF0302-FB0D-A390-6A74-209E38F68245}.Release|Any CPU.Build.0 = Release|Any CPU
		{0B2AB544-5B06-874F-2271-4E006D43CC4A}.Debug|Any CPU.ActiveCfg = Debug|Any CPU
		{0B2AB544-5B06-874F-2271-4E006D43CC4A}.Debug|Any CPU.Build.0 = Debug|Any CPU
		{0B2AB544-5B06-874F-2271-4E006D43CC4A}.Release|Any CPU.ActiveCfg = Release|Any CPU
		{0B2AB544-5B06-874F-2271-4E006D43CC4A}.Release|Any CPU.Build.0 = Release|Any CPU
		{A6CE53D9-2A9D-F725-C52D-720E1A41AEAB}.Debug|Any CPU.ActiveCfg = Debug|Any CPU
		{A6CE53D9-2A9D-F725-C52D-720E1A41AEAB}.Debug|Any CPU.Build.0 = Debug|Any CPU
		{A6CE53D9-2A9D-F725-C52D-720E1A41AEAB}.Release|Any CPU.ActiveCfg = Release|Any CPU
		{A6CE53D9-2A9D-F725-C52D-720E1A41AEAB}.Release|Any CPU.Build.0 = Release|Any CPU
	EndGlobalSection
	GlobalSection(SolutionProperties) = preSolution
		HideSolutionNode = FALSE
	EndGlobalSection
EndGlobal
